
Microsoft Visual Studio Solution File, Format Version 12.00
# Visual Studio 2012
VisualStudioVersion = 12.0.40629.0
MinimumVisualStudioVersion = 10.0.40219.1
Project("{FAE04EC0-301F-11D3-BF4B-00C04F79EFBC}") = "WAFF_Mobile.Droid", "WAFF_Mobile\WAFF_Mobile.Droid.csproj", "{0749296F-BC75-404C-BB8B-407F364CB85C}"
EndProject
Project("{FAE04EC0-301F-11D3-BF4B-00C04F79EFBC}") = "WAFF_Mobile.UITests", "WAFF_Mobile.UITests\WAFF_Mobile.UITests.csproj", "{4727D06E-C040-4CD0-825A-11935E7540AF}"
EndProject
Project("{FAE04EC0-301F-11D3-BF4B-00C04F79EFBC}") = "WAFF_Mobile.XF", "WAFF_Mobile_ios\WAFF_Mobile.XF.csproj", "{D06D357E-97E3-45F8-A1C8-C15FA87DAA28}"
EndProject
Project("{2150E333-8FDC-42A3-9474-1A3956D46DE8}") = ".nuget", ".nuget", "{470089E6-209F-424A-AC5C-29EDF4043D0C}"
	ProjectSection(SolutionItems) = preProject
		.nuget\packages.config = .nuget\packages.config
	EndProjectSection
EndProject
Global
	GlobalSection(SolutionConfigurationPlatforms) = preSolution
		Debug|Any CPU = Debug|Any CPU
		Release|Any CPU = Release|Any CPU
	EndGlobalSection
	GlobalSection(ProjectConfigurationPlatforms) = postSolution
		{0749296F-BC75-404C-BB8B-407F364CB85C}.Debug|Any CPU.ActiveCfg = Debug|Any CPU
		{0749296F-BC75-404C-BB8B-407F364CB85C}.Debug|Any CPU.Build.0 = Debug|Any CPU
		{0749296F-BC75-404C-BB8B-407F364CB85C}.Release|Any CPU.ActiveCfg = Release|Any CPU
		{0749296F-BC75-404C-BB8B-407F364CB85C}.Release|Any CPU.Build.0 = Release|Any CPU
		{4727D06E-C040-4CD0-825A-11935E7540AF}.Debug|Any CPU.ActiveCfg = Debug|Any CPU
		{4727D06E-C040-4CD0-825A-11935E7540AF}.Debug|Any CPU.Build.0 = Debug|Any CPU
		{4727D06E-C040-4CD0-825A-11935E7540AF}.Release|Any CPU.ActiveCfg = Release|Any CPU
		{4727D06E-C040-4CD0-825A-11935E7540AF}.Release|Any CPU.Build.0 = Release|Any CPU
		{D06D357E-97E3-45F8-A1C8-C15FA87DAA28}.Debug|Any CPU.ActiveCfg = Debug|Any CPU
		{D06D357E-97E3-45F8-A1C8-C15FA87DAA28}.Debug|Any CPU.Build.0 = Debug|Any CPU
		{D06D357E-97E3-45F8-A1C8-C15FA87DAA28}.Release|Any CPU.ActiveCfg = Release|Any CPU
		{D06D357E-97E3-45F8-A1C8-C15FA87DAA28}.Release|Any CPU.Build.0 = Release|Any CPU
	EndGlobalSection
	GlobalSection(NestedProjects) = preSolution
	EndGlobalSection
	GlobalSection(MonoDevelopProperties) = preSolution
		Policies = $0
		$0.DotNetNamingPolicy = $1
		$1.DirectoryNamespaceAssociation = None
		$1.ResourceNamePolicy = FileFormatDefault
		$0.StandardHeader = $2
		$2.Text = 
		$2.IncludeInNewFiles = True
		$0.NameConventionPolicy = $3
		$3.Rules = $4
		$4.NamingRule = $5
		$5.AffectedEntity = None
		$5.VisibilityMask = VisibilityMask
		$5.NamingStyle = None
		$5.IncludeInstanceMembers = True
		$5.IncludeStaticEntities = True
		$0.VersionControlPolicy = $6
		$6.inheritsSet = Mono
		description = WAFF Mobile is a World Arts Film Festival voting app for a non-profit film production company helping youth develop professional films
	EndGlobalSection
	GlobalSection(SolutionProperties) = preSolution
		HideSolutionNode = FALSE
	EndGlobalSection
EndGlobal
